
Microsoft Visual Studio Solution File, Format Version 12.00
# Visual Studio Version 17
VisualStudioVersion = 17.5.33516.290
MinimumVisualStudioVersion = 10.0.40219.1
Project("{9A19103F-16F7-4668-BE54-9A1E7A4F7556}") = "CarShop", "CarShop\CarShop.csproj", "{A5CD1501-5DF3-48B5-B8C0-A2251E12C515}"
EndProject
Global
	GlobalSection(SolutionConfigurationPlatforms) = preSolution
		Debug|Any CPU = Debug|Any CPU
		Release|Any CPU = Release|Any CPU
	EndGlobalSection
	GlobalSection(ProjectConfigurationPlatforms) = postSolution
		{A5CD1501-5DF3-48B5-B8C0-A2251E12C515}.Debug|Any CPU.ActiveCfg = Debug|Any CPU
		{A5CD1501-5DF3-48B5-B8C0-A2251E12C515}.Debug|Any CPU.Build.0 = Debug|Any CPU
		{A5CD1501-5DF3-48B5-B8C0-A2251E12C515}.Release|Any CPU.ActiveCfg = Release|Any CPU
		{A5CD1501-5DF3-48B5-B8C0-A2251E12C515}.Release|Any CPU.Build.0 = Release|Any CPU
	EndGlobalSection
	GlobalSection(SolutionProperties) = preSolution
		HideSolutionNode = FALSE
	EndGlobalSection
	GlobalSection(ExtensibilityGlobals) = postSolution
		SolutionGuid = {FEF2E3BB-B5B5-4C30-BDC1-D4502DCD8EE8}
	EndGlobalSection
EndGlobal
